[[package]]
name = "atomicwrites"
version = "1.4.0"
description = "Atomic file writes."
category = "dev"
optional = false
python-versions = ">=2.7, !=3.0.*, !=3.1.*, !=3.2.*, !=3.3.*"

[[package]]
name = "attrs"
version = "21.4.0"
description = "Classes Without Boilerplate"
category = "main"
optional = false
python-versions = ">=2.7, !=3.0.*, !=3.1.*, !=3.2.*, !=3.3.*, !=3.4.*"

[package.extras]
dev = ["coverage[toml] (>=5.0.2)", "hypothesis", "pympler", "pytest (>=4.3.0)", "six", "mypy", "pytest-mypy-plugins", "zope.interface", "furo", "sphinx", "sphinx-notfound-page", "pre-commit", "cloudpickle"]
docs = ["furo", "sphinx", "zope.interface", "sphinx-notfound-page"]
tests = ["coverage[toml] (>=5.0.2)", "hypothesis", "pympler", "pytest (>=4.3.0)", "six", "mypy", "pytest-mypy-plugins", "zope.interface", "cloudpickle"]
tests_no_zope = ["coverage[toml] (>=5.0.2)", "hypothesis", "pympler", "pytest (>=4.3.0)", "six", "mypy", "pytest-mypy-plugins", "cloudpickle"]

[[package]]
name = "colorama"
version = "0.4.4"
description = "Cross-platform colored terminal text."
category = "dev"
optional = false
python-versions = ">=2.7, !=3.0.*, !=3.1.*, !=3.2.*, !=3.3.*, !=3.4.*"

[[package]]
name = "dependency-injector"
version = "4.38.0"
description = "Dependency injection framework for Python"
category = "main"
optional = false
python-versions = "*"

[package.dependencies]
six = ">=1.7.0,<=1.16.0"

[package.extras]
aiohttp = ["aiohttp"]
flask = ["flask"]
pydantic = ["pydantic"]
yaml = ["pyyaml"]

[[package]]
name = "iniconfig"
version = "1.1.1"
description = "iniconfig: brain-dead simple config-ini parsing"
category = "dev"
optional = false
python-versions = "*"

[[package]]
name = "jsonschema"
version = "4.4.0"
description = "An implementation of JSON Schema validation for Python"
category = "main"
optional = false
python-versions = ">=3.7"

[package.dependencies]
attrs = ">=17.4.0"
pyrsistent = ">=0.14.0,<0.17.0 || >0.17.0,<0.17.1 || >0.17.1,<0.17.2 || >0.17.2"

[package.extras]
format = ["fqdn", "idna", "isoduration", "jsonpointer (>1.13)", "rfc3339-validator", "rfc3987", "uri-template", "webcolors (>=1.11)"]
format_nongpl = ["fqdn", "idna", "isoduration", "jsonpointer (>1.13)", "rfc3339-validator", "rfc3986-validator (>0.1.0)", "uri-template", "webcolors (>=1.11)"]

[[package]]
name = "mypy"
version = "0.931"
description = "Optional static typing for Python"
category = "dev"
optional = false
python-versions = ">=3.6"

[package.dependencies]
mypy-extensions = ">=0.4.3"
tomli = ">=1.1.0"
typing-extensions = ">=3.10"

[package.extras]
dmypy = ["psutil (>=4.0)"]
python2 = ["typed-ast (>=1.4.0,<2)"]

[[package]]
name = "mypy-extensions"
version = "0.4.3"
description = "Experimental type system extensions for programs checked with the mypy typechecker."
category = "dev"
optional = false
python-versions = "*"

[[package]]
name = "packaging"
version = "21.3"
description = "Core utilities for Python packages"
category = "dev"
optional = false
python-versions = ">=3.6"

[package.dependencies]
pyparsing = ">=2.0.2,<3.0.5 || >3.0.5"

[[package]]
name = "pluggy"
version = "1.0.0"
description = "plugin and hook calling mechanisms for python"
category = "dev"
optional = false
python-versions = ">=3.6"

[package.extras]
dev = ["pre-commit", "tox"]
testing = ["pytest", "pytest-benchmark"]

[[package]]
name = "py"
version = "1.11.0"
description = "library with cross-python path, ini-parsing, io, code, log facilities"
category = "dev"
optional = false
python-versions = ">=2.7, !=3.0.*, !=3.1.*, !=3.2.*, !=3.3.*, !=3.4.*"

[[package]]
name = "pyparsing"
version = "3.0.7"
description = "Python parsing module"
category = "dev"
optional = false
python-versions = ">=3.6"

[package.extras]
diagrams = ["jinja2", "railroad-diagrams"]

[[package]]
name = "pyrsistent"
version = "0.18.1"
description = "Persistent/Functional/Immutable data structures"
category = "main"
optional = false
python-versions = ">=3.7"

[[package]]
name = "pytest"
version = "7.0.1"
description = "pytest: simple powerful testing with Python"
category = "dev"
optional = false
python-versions = ">=3.6"

[package.dependencies]
atomicwrites = {version = ">=1.0", markers = "sys_platform == \"win32\""}
attrs = ">=19.2.0"
colorama = {version = "*", markers = "sys_platform == \"win32\""}
iniconfig = "*"
packaging = "*"
pluggy = ">=0.12,<2.0"
py = ">=1.8.2"
tomli = ">=1.0.0"

[package.extras]
testing = ["argcomplete", "hypothesis (>=3.56)", "mock", "nose", "pygments (>=2.7.2)", "requests", "xmlschema"]

[[package]]
name = "pytest-mock"
version = "3.7.0"
description = "Thin-wrapper around the mock package for easier use with pytest"
category = "dev"
optional = false
python-versions = ">=3.7"

[package.dependencies]
pytest = ">=5.0"

[package.extras]
dev = ["pre-commit", "tox", "pytest-asyncio"]

[[package]]
name = "reactivex"
version = "4.0.0a3"
description = "Reactive Extensions (Rx) for Python"
category = "main"
optional = false
python-versions = ">=3.7,<3.11"

[[package]]
name = "returns"
version = "0.18.0"
description = "Make your functions return something meaningful, typed, and safe!"
category = "main"
optional = false
python-versions = ">=3.7,<4.0"

[package.dependencies]
typing-extensions = ">=4.0,<5.0"

[[package]]
name = "six"
version = "1.16.0"
description = "Python 2 and 3 compatibility utilities"
category = "main"
optional = false
python-versions = ">=2.7, !=3.0.*, !=3.1.*, !=3.2.*"

[[package]]
name = "tomli"
version = "2.0.1"
description = "A lil' TOML parser"
category = "dev"
optional = false
python-versions = ">=3.7"

[[package]]
name = "typing-extensions"
version = "4.1.1"
description = "Backported and Experimental Type Hints for Python 3.6+"
category = "main"
optional = false
python-versions = ">=3.6"

[[package]]
name = "upbge-stubs"
version = "0.3.1.26.dev1936770877"
description = "API stubs for Blender and UPBGE generated with bpystubgen."
category = "dev"
optional = false
python-versions = "*"

[[package]]
name = "validator-collection"
version = "1.5.0"
description = "Collection of 60+ Python functions for validating data"
category = "main"
optional = false
python-versions = ">=2.7, !=3.0.*, !=3.1.*, !=3.2.*, !=3.3.*, <4"

[package.dependencies]
jsonschema = "*"

[package.extras]
dev = ["check-manifest", "sphinx", "sphinx-rtd-theme", "sphinx-tabs"]
test = ["coverage", "pytest", "pytest-benchmark", "pytest-cov", "tox", "codecov", "pyfakefs"]

[metadata]
lock-version = "1.1"
python-versions = ">=3.10,<3.11"
content-hash = "dc3e58bb018d660ea360f74f723146f13f02de9cd40ad43e6e4af1e116cf01f3"

[metadata.files]
atomicwrites = [
    {file = "atomicwrites-1.4.0-py2.py3-none-any.whl", hash = "sha256:6d1784dea7c0c8d4a5172b6c620f40b6e4cbfdf96d783691f2e1302a7b88e197"},
    {file = "atomicwrites-1.4.0.tar.gz", hash = "sha256:ae70396ad1a434f9c7046fd2dd196fc04b12f9e91ffb859164193be8b6168a7a"},
]
attrs = [
    {file = "attrs-21.4.0-py2.py3-none-any.whl", hash = "sha256:2d27e3784d7a565d36ab851fe94887c5eccd6a463168875832a1be79c82828b4"},
    {file = "attrs-21.4.0.tar.gz", hash = "sha256:626ba8234211db98e869df76230a137c4c40a12d72445c45d5f5b716f076e2fd"},
]
colorama = [
    {file = "colorama-0.4.4-py2.py3-none-any.whl", hash = "sha256:9f47eda37229f68eee03b24b9748937c7dc3868f906e8ba69fbcbdd3bc5dc3e2"},
    {file = "colorama-0.4.4.tar.gz", hash = "sha256:5941b2b48a20143d2267e95b1c2a7603ce057ee39fd88e7329b0c292aa16869b"},
]
dependency-injector = [
    {file = "dependency-injector-4.38.0.tar.gz", hash = "sha256:bab4c323d822d3fc9936e8eb3c2f5553d75e9efdadac11d5b293a016e31a1477"},
    {file = "dependency_injector-4.38.0-cp310-cp310-macosx_10_9_x86_64.whl", hash = "sha256:025eb5f97021663715bff8e01feb83d5b2f66fc17ece1042a194f1aae88c0d85"},
    {file = "dependency_injector-4.38.0-cp310-cp310-manylinux_2_17_aarch64.manylinux2014_aarch64.whl", hash = "sha256:f3c61334b196ab767eae43af207764349287d5eb0283d8ed1ab24608121aea35"},
    {file = "dependency_injector-4.38.0-cp310-cp310-manylinux_2_5_i686.manylinux1_i686.manylinux_2_12_i686.manylinux2010_i686.whl", hash = "sha256:9bf4bfc52015e81c4f17647b7bbbe4e4549f041b3c6635b44a9ecede7594932c"},
    {file = "dependency_injector-4.38.0-cp310-cp310-manylinux_2_5_x86_64.manylinux1_x86_64.manylinux_2_12_x86_64.manylinux2010_x86_64.whl", hash = "sha256:7aeba5882b06baf78978f33228e4c44133dada9173e330da68fbccca98520848"},
    {file = "dependency_injector-4.38.0-cp310-cp310-win32.whl", hash = "sha256:445dbf5324eee215a465d7f3b1965b05e199c31caa09e63abf0f02d982791306"},
    {file = "dependency_injector-4.38.0-cp310-cp310-win_amd64.whl", hash = "sha256:880edbcb5d810faa0623112e2e652a7bec73d20ce0708d9db998a0a40b62cbb9"},
    {file = "dependency_injector-4.38.0-cp36-cp36m-macosx_10_9_x86_64.whl", hash = "sha256:cd6f1c130462e7461a43f82fdc0d2ba25b5ef594db823dbd0e57f3d1b7c44f86"},
    {file = "dependency_injector-4.38.0-cp36-cp36m-manylinux_2_17_aarch64.manylinux2014_aarch64.whl", hash = "sha256:0be75905f7513886699d3ff5ed9aca233175c03808fc888da2a53b83af0a5d65"},
    {file = "dependency_injector-4.38.0-cp36-cp36m-manylinux_2_5_i686.manylinux1_i686.manylinux_2_12_i686.manylinux2010_i686.whl", hash = "sha256:8d7f1a7d27de6295ce8b7ca69d1177817bf36c7cbaf73819e4bab04f87c5e962"},
    {file = "dependency_injector-4.38.0-cp36-cp36m-manylinux_2_5_x86_64.manylinux1_x86_64.manylinux_2_12_x86_64.manylinux2010_x86_64.whl", hash = "sha256:e9c1ff387d7b7d814e9d29a531c6804acc67b1cca578c09abd3590fa7ec6bf06"},
    {file = "dependency_injector-4.38.0-cp36-cp36m-win32.whl", hash = "sha256:7770efcbc6915dabbb31ea0bdeee1105dabf76e1c8e31a454cb1983dcf19ecf1"},
    {file = "dependency_injector-4.38.0-cp36-cp36m-win_amd64.whl", hash = "sha256:9e89a9c88317ad237abfb374c410e1466476ffefe6c44f3caeca3dce747a635c"},
    {file = "dependency_injector-4.38.0-cp37-cp37m-macosx_10_9_x86_64.whl", hash = "sha256:cb75cd29c132bfaf03a11a6ac4f459dddb7a6526669543de57d2bb5fddf78def"},
    {file = "dependency_injector-4.38.0-cp37-cp37m-manylinux_2_17_aarch64.manylinux2014_aarch64.whl", hash = "sha256:d116c56e7fc3b59b3afa6078163b5f6ff4680ebf27800dd4032de7a04f7ef777"},
    {file = "dependency_injector-4.38.0-cp37-cp37m-manylinux_2_5_i686.manylinux1_i686.manylinux_2_12_i686.manylinux2010_i686.whl", hash = "sha256:9df330ef9e24b6f94e6764d23180350c2fb99785257233ee4738e066b876fa7f"},
    {file = "dependency_injector-4.38.0-cp37-cp37m-manylinux_2_5_x86_64.manylinux1_x86_64.manylinux_2_12_x86_64.manylinux2010_x86_64.whl", hash = "sha256:7a46639038313f64eca2dc858ac4cd9e0aca5ea21bb005f5d754aadd6446ba4b"},
    {file = "dependency_injector-4.38.0-cp37-cp37m-win32.whl", hash = "sha256:d0d983b269b657744058b5858afc3c59443db53afe9c3e709e316daa9f9b9454"},
    {file = "dependency_injector-4.38.0-cp37-cp37m-win_amd64.whl", hash = "sha256:1446df58169c166a5a2d5644ba9eeb3b7f2f679f260596f78d012c58ff140d92"},
    {file = "dependency_injector-4.38.0-cp38-cp38-macosx_10_9_x86_64.whl", hash = "sha256:307396f2d9d2f532fe92079a56d40af5fc60dacb1d766e3f9cd04c3802a1c251"},
    {file = "dependency_injector-4.38.0-cp38-cp38-manylinux_2_17_aarch64.manylinux2014_aarch64.whl", hash = "sha256:8dd96b6c454ab86648f57f37b895c1c976b1a82b76f835011f607ee8a78ebc0e"},
    {file = "dependency_injector-4.38.0-cp38-cp38-manylinux_2_5_i686.manylinux1_i686.manylinux_2_12_i686.manylinux2010_i686.whl", hash = "sha256:fb44b17e649cabcfd1f370ecfd492ac7a93216776d91954b31598eecb36cdb13"},
    {file = "dependency_injector-4.38.0-cp38-cp38-manylinux_2_5_x86_64.manylinux1_x86_64.manylinux_2_12_x86_64.manylinux2010_x86_64.whl", hash = "sha256:ab8ebe728dd9b3be23c40ca5a5dbe195050d9ad35d42d7e9fdaea816f7134584"},
    {file = "dependency_injector-4.38.0-cp38-cp38-win32.whl", hash = "sha256:1da3bad1452212bab76e87fbf7a71d3675190a1a909f345aaf8bae2fa97b878f"},
    {file = "dependency_injector-4.38.0-cp38-cp38-win_amd64.whl", hash = "sha256:2918776e88de88be0e2be036261180ca0605c8f64ead43d835ce852f16a9efd2"},
    {file = "dependency_injector-4.38.0-cp39-cp39-macosx_10_9_x86_64.whl", hash = "sha256:493be62561218624380d4eca9243a46753444f677217db6292a7b715cf429172"},
    {file = "dependency_injector-4.38.0-cp39-cp39-manylinux_2_17_aarch64.manylinux2014_aarch64.whl", hash = "sha256:0a70511db88f84ac4228b27e37e12ea0e04a9c2a32cae3602b9af9a27c0db992"},
    {file = "dependency_injector-4.38.0-cp39-cp39-manylinux_2_5_i686.manylinux1_i686.manylinux_2_12_i686.manylinux2010_i686.whl", hash = "sha256:5e3e1cfe41a5ada0ff71889563441f538caff0399e41d3ee377b60fa50a858bf"},
    {file = "dependency_injector-4.38.0-cp39-cp39-manylinux_2_5_x86_64.manylinux1_x86_64.manylinux_2_12_x86_64.manylinux2010_x86_64.whl", hash = "sha256:116cc679a2c6d40c6a4f968aefe68535e596e88e96315dbd0d0ad2ff76654e3d"},
    {file = "dependency_injector-4.38.0-cp39-cp39-win32.whl", hash = "sha256:f703c2c161de067ba9893b56743d24fb4c9dbff92eb504bc082c2d2cfeab4c01"},
    {file = "dependency_injector-4.38.0-cp39-cp39-win_amd64.whl", hash = "sha256:6821a864d6405dc0d5f794ac1b10da4a8c7e8731c6a0651a9682a0b76f5a5b3e"},
    {file = "dependency_injector-4.38.0-pp37-pypy37_pp73-macosx_10_9_x86_64.whl", hash = "sha256:6c9e8dc91aa5831bd3a58fec1b94ed8c52f78f601f5ab91135b5ad44325beef7"},
    {file = "dependency_injector-4.38.0-pp37-pypy37_pp73-manylinux_2_17_aarch64.manylinux2014_aarch64.whl", hash = "sha256:2b4eedadef0c84295b70803a79a3ce5a10a59dddd8f306876f6fa6bfc4de8e00"},
    {file = "dependency_injector-4.38.0-pp37-pypy37_pp73-manylinux_2_5_i686.manylinux1_i686.manylinux_2_12_i686.manylinux2010_i686.whl", hash = "sha256:2e88b5d09c80e20d6b3d985cc360f39a81e748667c20f6bc7eee9f4b832176ed"},
    {file = "dependency_injector-4.38.0-pp37-pypy37_pp73-manylinux_2_5_x86_64.manylinux1_x86_64.manylinux_2_12_x86_64.manylinux2010_x86_64.whl", hash = "sha256:b1fcd71ff46e097f4e47917ccdf6aa388b6a6372557f7d9f83db1e879e95f8bb"},
    {file = "dependency_injector-4.38.0-pp37-pypy37_pp73-win_amd64.whl", hash = "sha256:9633d6366282e83a3f21543c5c78299787948333d9fe6649b020cfac93d8b7ca"},
]
iniconfig = [
    {file = "iniconfig-1.1.1-py2.py3-none-any.whl", hash = "sha256:011e24c64b7f47f6ebd835bb12a743f2fbe9a26d4cecaa7f53bc4f35ee9da8b3"},
    {file = "iniconfig-1.1.1.tar.gz", hash = "sha256:bc3af051d7d14b2ee5ef9969666def0cd1a000e121eaea580d4a313df4b37f32"},
]
jsonschema = [
    {file = "jsonschema-4.4.0-py3-none-any.whl", hash = "sha256:77281a1f71684953ee8b3d488371b162419767973789272434bbc3f29d9c8823"},
    {file = "jsonschema-4.4.0.tar.gz", hash = "sha256:636694eb41b3535ed608fe04129f26542b59ed99808b4f688aa32dcf55317a83"},
]
mypy = [
    {file = "mypy-0.931-cp310-cp310-macosx_10_9_x86_64.whl", hash = "sha256:3c5b42d0815e15518b1f0990cff7a705805961613e701db60387e6fb663fe78a"},
    {file = "mypy-0.931-cp310-cp310-macosx_11_0_arm64.whl", hash = "sha256:c89702cac5b302f0c5d33b172d2b55b5df2bede3344a2fbed99ff96bddb2cf00"},
    {file = "mypy-0.931-cp310-cp310-manylinux_2_5_x86_64.manylinux1_x86_64.manylinux_2_12_x86_64.manylinux2010_x86_64.whl", hash = "sha256:300717a07ad09525401a508ef5d105e6b56646f7942eb92715a1c8d610149714"},
    {file = "mypy-0.931-cp310-cp310-win_amd64.whl", hash = "sha256:7b3f6f557ba4afc7f2ce6d3215d5db279bcf120b3cfd0add20a5d4f4abdae5bc"},
    {file = "mypy-0.931-cp36-cp36m-macosx_10_9_x86_64.whl", hash = "sha256:1bf752559797c897cdd2c65f7b60c2b6969ffe458417b8d947b8340cc9cec08d"},
    {file = "mypy-0.931-cp36-cp36m-manylinux_2_5_x86_64.manylinux1_x86_64.manylinux_2_12_x86_64.manylinux2010_x86_64.whl", hash = "sha256:4365c60266b95a3f216a3047f1d8e3f895da6c7402e9e1ddfab96393122cc58d"},
    {file = "mypy-0.931-cp36-cp36m-win_amd64.whl", hash = "sha256:1b65714dc296a7991000b6ee59a35b3f550e0073411ac9d3202f6516621ba66c"},
    {file = "mypy-0.931-cp37-cp37m-macosx_10_9_x86_64.whl", hash = "sha256:e839191b8da5b4e5d805f940537efcaa13ea5dd98418f06dc585d2891d228cf0"},
    {file = "mypy-0.931-cp37-cp37m-manylinux_2_5_x86_64.manylinux1_x86_64.manylinux_2_12_x86_64.manylinux2010_x86_64.whl", hash = "sha256:50c7346a46dc76a4ed88f3277d4959de8a2bd0a0fa47fa87a4cde36fe247ac05"},
    {file = "mypy-0.931-cp37-cp37m-win_amd64.whl", hash = "sha256:d8f1ff62f7a879c9fe5917b3f9eb93a79b78aad47b533911b853a757223f72e7"},
    {file = "mypy-0.931-cp38-cp38-macosx_10_9_x86_64.whl", hash = "sha256:f9fe20d0872b26c4bba1c1be02c5340de1019530302cf2dcc85c7f9fc3252ae0"},
    {file = "mypy-0.931-cp38-cp38-macosx_11_0_arm64.whl", hash = "sha256:1b06268df7eb53a8feea99cbfff77a6e2b205e70bf31743e786678ef87ee8069"},
    {file = "mypy-0.931-cp38-cp38-manylinux_2_5_x86_64.manylinux1_x86_64.manylinux_2_12_x86_64.manylinux2010_x86_64.whl", hash = "sha256:8c11003aaeaf7cc2d0f1bc101c1cc9454ec4cc9cb825aef3cafff8a5fdf4c799"},
    {file = "mypy-0.931-cp38-cp38-win_amd64.whl", hash = "sha256:d9d2b84b2007cea426e327d2483238f040c49405a6bf4074f605f0156c91a47a"},
    {file = "mypy-0.931-cp39-cp39-macosx_10_9_x86_64.whl", hash = "sha256:ff3bf387c14c805ab1388185dd22d6b210824e164d4bb324b195ff34e322d166"},
    {file = "mypy-0.931-cp39-cp39-macosx_11_0_arm64.whl", hash = "sha256:5b56154f8c09427bae082b32275a21f500b24d93c88d69a5e82f3978018a0266"},
    {file = "mypy-0.931-cp39-cp39-manylinux_2_5_x86_64.manylinux1_x86_64.manylinux_2_12_x86_64.manylinux2010_x86_64.whl", hash = "sha256:8ca7f8c4b1584d63c9a0f827c37ba7a47226c19a23a753d52e5b5eddb201afcd"},
    {file = "mypy-0.931-cp39-cp39-win_amd64.whl", hash = "sha256:74f7eccbfd436abe9c352ad9fb65872cc0f1f0a868e9d9c44db0893440f0c697"},
    {file = "mypy-0.931-py3-none-any.whl", hash = "sha256:1171f2e0859cfff2d366da2c7092b06130f232c636a3f7301e3feb8b41f6377d"},
    {file = "mypy-0.931.tar.gz", hash = "sha256:0038b21890867793581e4cb0d810829f5fd4441aa75796b53033af3aa30430ce"},
]
mypy-extensions = [
    {file = "mypy_extensions-0.4.3-py2.py3-none-any.whl", hash = "sha256:090fedd75945a69ae91ce1303b5824f428daf5a028d2f6ab8a299250a846f15d"},
    {file = "mypy_extensions-0.4.3.tar.gz", hash = "sha256:2d82818f5bb3e369420cb3c4060a7970edba416647068eb4c5343488a6c604a8"},
]
packaging = [
    {file = "packaging-21.3-py3-none-any.whl", hash = "sha256:ef103e05f519cdc783ae24ea4e2e0f508a9c99b2d4969652eed6a2e1ea5bd522"},
    {file = "packaging-21.3.tar.gz", hash = "sha256:dd47c42927d89ab911e606518907cc2d3a1f38bbd026385970643f9c5b8ecfeb"},
]
pluggy = [
    {file = "pluggy-1.0.0-py2.py3-none-any.whl", hash = "sha256:74134bbf457f031a36d68416e1509f34bd5ccc019f0bcc952c7b909d06b37bd3"},
    {file = "pluggy-1.0.0.tar.gz", hash = "sha256:4224373bacce55f955a878bf9cfa763c1e360858e330072059e10bad68531159"},
]
py = [
    {file = "py-1.11.0-py2.py3-none-any.whl", hash = "sha256:607c53218732647dff4acdfcd50cb62615cedf612e72d1724fb1a0cc6405b378"},
    {file = "py-1.11.0.tar.gz", hash = "sha256:51c75c4126074b472f746a24399ad32f6053d1b34b68d2fa41e558e6f4a98719"},
]
pyparsing = [
    {file = "pyparsing-3.0.7-py3-none-any.whl", hash = "sha256:a6c06a88f252e6c322f65faf8f418b16213b51bdfaece0524c1c1bc30c63c484"},
    {file = "pyparsing-3.0.7.tar.gz", hash = "sha256:18ee9022775d270c55187733956460083db60b37d0d0fb357445f3094eed3eea"},
]
pyrsistent = [
    {file = "pyrsistent-0.18.1-cp310-cp310-macosx_10_9_universal2.whl", hash = "sha256:df46c854f490f81210870e509818b729db4488e1f30f2a1ce1698b2295a878d1"},
    {file = "pyrsistent-0.18.1-cp310-cp310-manylinux_2_17_x86_64.manylinux2014_x86_64.whl", hash = "sha256:5d45866ececf4a5fff8742c25722da6d4c9e180daa7b405dc0a2a2790d668c26"},
    {file = "pyrsistent-0.18.1-cp310-cp310-manylinux_2_5_i686.manylinux1_i686.manylinux_2_17_i686.manylinux2014_i686.whl", hash = "sha256:4ed6784ceac462a7d6fcb7e9b663e93b9a6fb373b7f43594f9ff68875788e01e"},
    {file = "pyrsistent-0.18.1-cp310-cp310-win32.whl", hash = "sha256:e4f3149fd5eb9b285d6bfb54d2e5173f6a116fe19172686797c056672689daf6"},
    {file = "pyrsistent-0.18.1-cp310-cp310-win_amd64.whl", hash = "sha256:636ce2dc235046ccd3d8c56a7ad54e99d5c1cd0ef07d9ae847306c91d11b5fec"},
    {file = "pyrsistent-0.18.1-cp37-cp37m-macosx_10_9_x86_64.whl", hash = "sha256:e92a52c166426efbe0d1ec1332ee9119b6d32fc1f0bbfd55d5c1088070e7fc1b"},
    {file = "pyrsistent-0.18.1-cp37-cp37m-manylinux_2_17_x86_64.manylinux2014_x86_64.whl", hash = "sha256:d7a096646eab884bf8bed965bad63ea327e0d0c38989fc83c5ea7b8a87037bfc"},
    {file = "pyrsistent-0.18.1-cp37-cp37m-manylinux_2_5_i686.manylinux1_i686.manylinux_2_17_i686.manylinux2014_i686.whl", hash = "sha256:cdfd2c361b8a8e5d9499b9082b501c452ade8bbf42aef97ea04854f4a3f43b22"},
    {file = "pyrsistent-0.18.1-cp37-cp37m-win32.whl", hash = "sha256:7ec335fc998faa4febe75cc5268a9eac0478b3f681602c1f27befaf2a1abe1d8"},
    {file = "pyrsistent-0.18.1-cp37-cp37m-win_amd64.whl", hash = "sha256:6455fc599df93d1f60e1c5c4fe471499f08d190d57eca040c0ea182301321286"},
    {file = "pyrsistent-0.18.1-cp38-cp38-macosx_10_9_universal2.whl", hash = "sha256:fd8da6d0124efa2f67d86fa70c851022f87c98e205f0594e1fae044e7119a5a6"},
    {file = "pyrsistent-0.18.1-cp38-cp38-manylinux_2_17_x86_64.manylinux2014_x86_64.whl", hash = "sha256:7bfe2388663fd18bd8ce7db2c91c7400bf3e1a9e8bd7d63bf7e77d39051b85ec"},
    {file = "pyrsistent-0.18.1-cp38-cp38-manylinux_2_5_i686.manylinux1_i686.manylinux_2_17_i686.manylinux2014_i686.whl", hash = "sha256:0e3e1fcc45199df76053026a51cc59ab2ea3fc7c094c6627e93b7b44cdae2c8c"},
    {file = "pyrsistent-0.18.1-cp38-cp38-win32.whl", hash = "sha256:b568f35ad53a7b07ed9b1b2bae09eb15cdd671a5ba5d2c66caee40dbf91c68ca"},
    {file = "pyrsistent-0.18.1-cp38-cp38-win_amd64.whl", hash = "sha256:d1b96547410f76078eaf66d282ddca2e4baae8964364abb4f4dcdde855cd123a"},
    {file = "pyrsistent-0.18.1-cp39-cp39-macosx_10_9_universal2.whl", hash = "sha256:f87cc2863ef33c709e237d4b5f4502a62a00fab450c9e020892e8e2ede5847f5"},
    {file = "pyrsistent-0.18.1-cp39-cp39-manylinux_2_17_x86_64.manylinux2014_x86_64.whl", hash = "sha256:6bc66318fb7ee012071b2792024564973ecc80e9522842eb4e17743604b5e045"},
    {file = "pyrsistent-0.18.1-cp39-cp39-manylinux_2_5_i686.manylinux1_i686.manylinux_2_17_i686.manylinux2014_i686.whl", hash = "sha256:914474c9f1d93080338ace89cb2acee74f4f666fb0424896fcfb8d86058bf17c"},
    {file = "pyrsistent-0.18.1-cp39-cp39-win32.whl", hash = "sha256:1b34eedd6812bf4d33814fca1b66005805d3640ce53140ab8bbb1e2651b0d9bc"},
    {file = "pyrsistent-0.18.1-cp39-cp39-win_amd64.whl", hash = "sha256:e24a828f57e0c337c8d8bb9f6b12f09dfdf0273da25fda9e314f0b684b415a07"},
    {file = "pyrsistent-0.18.1.tar.gz", hash = "sha256:d4d61f8b993a7255ba714df3aca52700f8125289f84f704cf80916517c46eb96"},
]
pytest = [
    {file = "pytest-7.0.1-py3-none-any.whl", hash = "sha256:9ce3ff477af913ecf6321fe337b93a2c0dcf2a0a1439c43f5452112c1e4280db"},
    {file = "pytest-7.0.1.tar.gz", hash = "sha256:e30905a0c131d3d94b89624a1cc5afec3e0ba2fbdb151867d8e0ebd49850f171"},
]
pytest-mock = [
    {file = "pytest-mock-3.7.0.tar.gz", hash = "sha256:5112bd92cc9f186ee96e1a92efc84969ea494939c3aead39c50f421c4cc69534"},
    {file = "pytest_mock-3.7.0-py3-none-any.whl", hash = "sha256:6cff27cec936bf81dc5ee87f07132b807bcda51106b5ec4b90a04331cba76231"},
]
reactivex = [
    {file = "reactivex-4.0.0a3-py3-none-any.whl", hash = "sha256:2dd5547e51e2acb9204c0857b1c8d91c20695a63ea24bfa044f65fd17ef5537a"},
    {file = "reactivex-4.0.0a3.tar.gz", hash = "sha256:b0fcae36e3c91efb209ed643b60626f4b0b31307e373335a820d34212338092d"},
]
returns = [
    {file = "returns-0.18.0-py3-none-any.whl", hash = "sha256:48b36f9ac4f78ae9c825234bf17e2cbb607f263c4149c524fae0f8f76b877ba3"},
    {file = "returns-0.18.0.tar.gz", hash = "sha256:b43b84fca6ed5b2fe7f776a53ef83778c138b8c99494ab283a7f125b00945421"},
]
six = [
    {file = "six-1.16.0-py2.py3-none-any.whl", hash = "sha256:8abb2f1d86890a2dfb989f9a77cfcfd3e47c2a354b01111771326f8aa26e0254"},
    {file = "six-1.16.0.tar.gz", hash = "sha256:1e61c37477a1626458e36f7b1d82aa5c9b094fa4802892072e49de9c60c4c926"},
]
tomli = [
    {file = "tomli-2.0.1-py3-none-any.whl", hash = "sha256:939de3e7a6161af0c887ef91b7d41a53e7c5a1ca976325f429cb46ea9bc30ecc"},
    {file = "tomli-2.0.1.tar.gz", hash = "sha256:de526c12914f0c550d15924c62d72abc48d6fe7364aa87328337a31007fe8a4f"},
]
typing-extensions = [
    {file = "typing_extensions-4.1.1-py3-none-any.whl", hash = "sha256:21c85e0fe4b9a155d0799430b0ad741cdce7e359660ccbd8b530613e8df88ce2"},
    {file = "typing_extensions-4.1.1.tar.gz", hash = "sha256:1a9462dcc3347a79b1f1c0271fbe79e844580bb598bafa1ed208b94da3cdcd42"},
]
upbge-stubs = [
    {file = "upbge-stubs-0.3.1.26.dev1936770877.tar.gz", hash = "sha256:a12c636f43ad9e9247efbeb3ed0f2f32e074941540bfe5a9ac11bb2e261a6d34"},
]
validator-collection = [
    {file = "validator-collection-1.5.0.tar.gz", hash = "sha256:f9395cad9a30cb9864fa0c0d18a84daead1eb8807774f4e09f588f89b7dc77d8"},
    {file = "validator_collection-1.5.0-py2.py3-none-any.whl", hash = "sha256:56f6dc65d86c2e5b8f04f22acedd33af2c233edc1082fe4d24fd3996bd19d0fe"},
]
